
Microsoft Visual Studio Solution File, Format Version 12.00
# Visual Studio Version 17
VisualStudioVersion = 17.2.32616.157
MinimumVisualStudioVersion = 10.0.40219.1
Project("{FAE04EC0-301F-11D3-BF4B-00C04F79EFBC}") = "PaylocityEmployeeBenefits", "PaylocityEmployeeBenefits\PaylocityEmployeeBenefits.csproj", "{910E2DE6-9356-44D0-A04B-759EE86D1A09}"
EndProject
Global
	GlobalSection(SolutionConfigurationPlatforms) = preSolution
		Debug|Any CPU = Debug|Any CPU
		Release|Any CPU = Release|Any CPU
	EndGlobalSection
	GlobalSection(ProjectConfigurationPlatforms) = postSolution
		{910E2DE6-9356-44D0-A04B-759EE86D1A09}.Debug|Any CPU.ActiveCfg = Debug|Any CPU
		{910E2DE6-9356-44D0-A04B-759EE86D1A09}.Debug|Any CPU.Build.0 = Debug|Any CPU
		{910E2DE6-9356-44D0-A04B-759EE86D1A09}.Release|Any CPU.ActiveCfg = Release|Any CPU
		{910E2DE6-9356-44D0-A04B-759EE86D1A09}.Release|Any CPU.Build.0 = Release|Any CPU
	EndGlobalSection
	GlobalSection(SolutionProperties) = preSolution
		HideSolutionNode = FALSE
	EndGlobalSection
	GlobalSection(ExtensibilityGlobals) = postSolution
		SolutionGuid = {94A885C6-C47D-4E2A-92BB-1CAC02F58480}
	EndGlobalSection
EndGlobal
